// !$*UTF8*$!
{
	archiveVersion = 1;
	classes = {
	};
	objectVersion = 48;
	objects = {

/* Begin PBXBuildFile section */
		B8764899203E9BBD00B1FA40 /* AppDelegate.swift in Sources */ = {isa = PBXBuildFile; fileRef = B8764898203E9BBD00B1FA40 /* AppDelegate.swift */; };
		B876489B203E9BBD00B1FA40 /* ViewController.swift in Sources */ = {isa = PBXBuildFile; fileRef = B876489A203E9BBD00B1FA40 /* ViewController.swift */; };
		B876489E203E9BBD00B1FA40 /* Main.storyboard in Resources */ = {isa = PBXBuildFile; fileRef = B876489C203E9BBD00B1FA40 /* Main.storyboard */; };
		B87648A0203E9BBD00B1FA40 /* Assets.xcassets in Resources */ = {isa = PBXBuildFile; fileRef = B876489F203E9BBD00B1FA40 /* Assets.xcassets */; };
		B87648A3203E9BBD00B1FA40 /* LaunchScreen.storyboard in Resources */ = {isa = PBXBuildFile; fileRef = B87648A1203E9BBD00B1FA40 /* LaunchScreen.storyboard */; };
		B87648AB203E9BE900B1FA40 /* AZSafariLayout.swift in Sources */ = {isa = PBXBuildFile; fileRef = B87648AA203E9BE900B1FA40 /* AZSafariLayout.swift */; };
		B87648AE203EA27100B1FA40 /* TabCollectionViewCell.swift in Sources */ = {isa = PBXBuildFile; fileRef = B87648AC203EA27100B1FA40 /* TabCollectionViewCell.swift */; };
		B87648AF203EA27100B1FA40 /* TabCollectionViewCell.xib in Resources */ = {isa = PBXBuildFile; fileRef = B87648AD203EA27100B1FA40 /* TabCollectionViewCell.xib */; };
		B895EBE920401D4600625F57 /* AZExploreLayout.swift in Sources */ = {isa = PBXBuildFile; fileRef = B895EBE820401D4600625F57 /* AZExploreLayout.swift */; };
/* End PBXBuildFile section */

/* Begin PBXFileReference section */
		B8764895203E9BBD00B1FA40 /* AZTestLayout.app */ = {isa = PBXFileReference; explicitFileType = wrapper.application; includeInIndex = 0; path = AZTestLayout.app; sourceTree = BUILT_PRODUCTS_DIR; };
		B8764898203E9BBD00B1FA40 /* AppDelegate.swift */ = {isa = PBXFileReference; lastKnownFileType = sourcecode.swift; path = AppDelegate.swift; sourceTree = "<group>"; };
		B876489A203E9BBD00B1FA40 /* ViewController.swift */ = {isa = PBXFileReference; lastKnownFileType = sourcecode.swift; path = ViewController.swift; sourceTree = "<group>"; };
		B876489D203E9BBD00B1FA40 /* Base */ = {isa = PBXFileReference; lastKnownFileType = file.storyboard; name = Base; path = Base.lproj/Main.storyboard; sourceTree = "<group>"; };
		B876489F203E9BBD00B1FA40 /* Assets.xcassets */ = {isa = PBXFileReference; lastKnownFileType = folder.assetcatalog; path = Assets.xcassets; sourceTree = "<group>"; };
		B87648A2203E9BBD00B1FA40 /* Base */ = {isa = PBXFileReference; lastKnownFileType = file.storyboard; name = Base; path = Base.lproj/LaunchScreen.storyboard; sourceTree = "<group>"; };
		B87648A4203E9BBD00B1FA40 /* Info.plist */ = {isa = PBXFileReference; lastKnownFileType = text.plist.xml; path = Info.plist; sourceTree = "<group>"; };
		B87648AA203E9BE900B1FA40 /* AZSafariLayout.swift */ = {isa = PBXFileReference; fileEncoding = 4; lastKnownFileType = sourcecode.swift; path = AZSafariLayout.swift; sourceTree = "<group>"; };
		B87648AC203EA27100B1FA40 /* TabCollectionViewCell.swift */ = {isa = PBXFileReference; lastKnownFileType = sourcecode.swift; path = TabCollectionViewCell.swift; sourceTree = "<group>"; };
		B87648AD203EA27100B1FA40 /* TabCollectionViewCell.xib */ = {isa = PBXFileReference; lastKnownFileType = file.xib; path = TabCollectionViewCell.xib; sourceTree = "<group>"; };
		B895EBE820401D4600625F57 /* AZExploreLayout.swift */ = {isa = PBXFileReference; lastKnownFileType = sourcecode.swift; path = AZExploreLayout.swift; sourceTree = "<group>"; };
/* End PBXFileReference section */

/* Begin PBXFrameworksBuildPhase section */
		B8764892203E9BBD00B1FA40 /* Frameworks */ = {
			isa = PBXFrameworksBuildPhase;
			buildActionMask = 2147483647;
			files = (
			);
			runOnlyForDeploymentPostprocessing = 0;
		};
/* End PBXFrameworksBuildPhase section */

/* Begin PBXGroup section */
		B876488C203E9BBD00B1FA40 = {
			isa = PBXGroup;
			children = (
				B8764897203E9BBD00B1FA40 /* AZTestLayout */,
				B8764896203E9BBD00B1FA40 /* Products */,
			);
			sourceTree = "<group>";
		};
		B8764896203E9BBD00B1FA40 /* Products */ = {
			isa = PBXGroup;
			children = (
				B8764895203E9BBD00B1FA40 /* AZTestLayout.app */,
			);
			name = Products;
			sourceTree = "<group>";
		};
		B8764897203E9BBD00B1FA40 /* AZTestLayout */ = {
			isa = PBXGroup;
			children = (
				B8764898203E9BBD00B1FA40 /* AppDelegate.swift */,
				B876489A203E9BBD00B1FA40 /* ViewController.swift */,
				B876489C203E9BBD00B1FA40 /* Main.storyboard */,
				B876489F203E9BBD00B1FA40 /* Assets.xcassets */,
				B87648A1203E9BBD00B1FA40 /* LaunchScreen.storyboard */,
				B87648A4203E9BBD00B1FA40 /* Info.plist */,
				B87648AC203EA27100B1FA40 /* TabCollectionViewCell.swift */,
				B87648AD203EA27100B1FA40 /* TabCollectionViewCell.xib */,
				B87648AA203E9BE900B1FA40 /* AZSafariLayout.swift */,
				B895EBE820401D4600625F57 /* AZExploreLayout.swift */,
			);
			path = AZTestLayout;
			sourceTree = "<group>";
		};
/* End PBXGroup section */

/* Begin PBXNativeTarget section */
		B8764894203E9BBD00B1FA40 /* AZTestLayout */ = {
			isa = PBXNativeTarget;
			buildConfigurationList = B87648A7203E9BBD00B1FA40 /* Build configuration list for PBXNativeTarget "AZTestLayout" */;
			buildPhases = (
				B8764891203E9BBD00B1FA40 /* Sources */,
				B8764892203E9BBD00B1FA40 /* Frameworks */,
				B8764893203E9BBD00B1FA40 /* Resources */,
			);
			buildRules = (
			);
			dependencies = (
			);
			name = AZTestLayout;
			productName = AZTestLayout;
			productReference = B8764895203E9BBD00B1FA40 /* AZTestLayout.app */;
			productType = "com.apple.product-type.application";
		};
/* End PBXNativeTarget section */

/* Begin PBXProject section */
		B876488D203E9BBD00B1FA40 /* Project object */ = {
			isa = PBXProject;
			attributes = {
				LastSwiftUpdateCheck = 0920;
				LastUpgradeCheck = 0920;
				ORGANIZATIONNAME = "Afroz Zaheer";
				TargetAttributes = {
					B8764894203E9BBD00B1FA40 = {
						CreatedOnToolsVersion = 9.2;
						ProvisioningStyle = Automatic;
					};
				};
			};
			buildConfigurationList = B8764890203E9BBD00B1FA40 /* Build configuration list for PBXProject "AZTestLayout" */;
			compatibilityVersion = "Xcode 8.0";
			developmentRegion = en;
			hasScannedForEncodings = 0;
			knownRegions = (
				en,
				Base,
			);
			mainGroup = B876488C203E9BBD00B1FA40;
			productRefGroup = B8764896203E9BBD00B1FA40 /* Products */;
			projectDirPath = "";
			projectRoot = "";
			targets = (
				B8764894203E9BBD00B1FA40 /* AZTestLayout */,
			);
		};
/* End PBXProject section */

/* Begin PBXResourcesBuildPhase section */
		B8764893203E9BBD00B1FA40 /* Resources */ = {
			isa = PBXResourcesBuildPhase;
			buildActionMask = 2147483647;
			files = (
				B87648AF203EA27100B1FA40 /* TabCollectionViewCell.xib in Resources */,
				B87648A3203E9BBD00B1FA40 /* LaunchScreen.storyboard in Resources */,
				B87648A0203E9BBD00B1FA40 /* Assets.xcassets in Resources */,
				B876489E203E9BBD00B1FA40 /* Main.storyboard in Resources */,
			);
			runOnlyForDeploymentPostprocessing = 0;
		};
/* End PBXResourcesBuildPhase section */

/* Begin PBXSourcesBuildPhase section */
		B8764891203E9BBD00B1FA40 /* Sources */ = {
			isa = PBXSourcesBuildPhase;
			buildActionMask = 2147483647;
			files = (
				B87648AE203EA27100B1FA40 /* TabCollectionViewCell.swift in Sources */,
				B87648AB203E9BE900B1FA40 /* AZSafariLayout.swift in Sources */,
				B876489B203E9BBD00B1FA40 /* ViewController.swift in Sources */,
				B8764899203E9BBD00B1FA40 /* AppDelegate.swift in Sources */,
				B895EBE920401D4600625F57 /* AZExploreLayout.swift in Sources */,
			);
			runOnlyForDeploymentPostprocessing = 0;
		};
/* End PBXSourcesBuildPhase section */

/* Begin PBXVariantGroup section */
		B876489C203E9BBD00B1FA40 /* Main.storyboard */ = {
			isa = PBXVariantGroup;
			children = (
				B876489D203E9BBD00B1FA40 /* Base */,
			);
			name = Main.storyboard;
			sourceTree = "<group>";
		};
		B87648A1203E9BBD00B1FA40 /* LaunchScreen.storyboard */ = {
			isa = PBXVariantGroup;
			children = (
				B87648A2203E9BBD00B1FA40 /* Base */,
			);
			name = LaunchScreen.storyboard;
			sourceTree = "<group>";
		};
/* End PBXVariantGroup section */

/* Begin XCBuildConfiguration section */
		B87648A5203E9BBD00B1FA40 /* Debug */ = {
			isa = XCBuildConfiguration;
			buildSettings = {
				ALWAYS_SEARCH_USER_PATHS = NO;
				CLANG_ANALYZER_NONNULL = YES;
				CLANG_ANALYZER_NUMBER_OBJECT_CONVERSION = YES_AGGRESSIVE;
				CLANG_CXX_LANGUAGE_STANDARD = "gnu++14";
				CLANG_CXX_LIBRARY = "libc++";
				CLANG_ENABLE_MODULES = YES;
				CLANG_ENABLE_OBJC_ARC = YES;
				CLANG_WARN_BLOCK_CAPTURE_AUTORELEASING = YES;
				CLANG_WARN_BOOL_CONVERSION = YES;
				CLANG_WARN_COMMA = YES;
				CLANG_WARN_CONSTANT_CONVERSION = YES;
				CLANG_WARN_DIRECT_OBJC_ISA_USAGE = YES_ERROR;
				CLANG_WARN_DOCUMENTATION_COMMENTS = YES;
				CLANG_WARN_EMPTY_BODY = YES;
				CLANG_WARN_ENUM_CONVERSION = YES;
				CLANG_WARN_INFINITE_RECURSION = YES;
				CLANG_WARN_INT_CONVERSION = YES;
				CLANG_WARN_NON_LITERAL_NULL_CONVERSION = YES;
				CLANG_WARN_OBJC_LITERAL_CONVERSION = YES;
				CLANG_WARN_OBJC_ROOT_CLASS = YES_ERROR;
				CLANG_WARN_RANGE_LOOP_ANALYSIS = YES;
				CLANG_WARN_STRICT_PROTOTYPES = YES;
				CLANG_WARN_SUSPICIOUS_MOVE = YES;
				CLANG_WARN_UNGUARDED_AVAILABILITY = YES_AGGRESSIVE;
				CLANG_WARN_UNREACHABLE_CODE = YES;
				CLANG_WARN__DUPLICATE_METHOD_MATCH = YES;
				CODE_SIGN_IDENTITY = "iPhone Developer";
				COPY_PHASE_STRIP = NO;
				DEBUG_INFORMATION_FORMAT = dwarf;
				ENABLE_STRICT_OBJC_MSGSEND = YES;
				ENABLE_TESTABILITY = YES;
				GCC_C_LANGUAGE_STANDARD = gnu11;
				GCC_DYNAMIC_NO_PIC = NO;
				GCC_NO_COMMON_BLOCKS = YES;
				GCC_OPTIMIZATION_LEVEL = 0;
				GCC_PREPROCESSOR_DEFINITIONS = (
					"DEBUG=1",
					"$(inherited)",
				);
				GCC_WARN_64_TO_32_BIT_CONVERSION = YES;
				GCC_WARN_ABOUT_RETURN_TYPE = YES_ERROR;
				GCC_WARN_UNDECLARED_SELECTOR = YES;
				GCC_WARN_UNINITIALIZED_AUTOS = YES_AGGRESSIVE;
				GCC_WARN_UNUSED_FUNCTION = YES;
				GCC_WARN_UNUSED_VARIABLE = YES;
				IPHONEOS_DEPLOYMENT_TARGET = 11.2;
				MTL_ENABLE_DEBUG_INFO = YES;
				ONLY_ACTIVE_ARCH = YES;
				SDKROOT = iphoneos;
				SWIFT_ACTIVE_COMPILATION_CONDITIONS = DEBUG;
				SWIFT_OPTIMIZATION_LEVEL = "-Onone";
			};
			name = Debug;
		};
		B87648A6203E9BBD00B1FA40 /* Release */ = {
			isa = XCBuildConfiguration;
			buildSettings = {
				ALWAYS_SEARCH_USER_PATHS = NO;
				CLANG_ANALYZER_NONNULL = YES;
				CLANG_ANALYZER_NUMBER_OBJECT_CONVERSION = YES_AGGRESSIVE;
				CLANG_CXX_LANGUAGE_STANDARD = "gnu++14";
				CLANG_CXX_LIBRARY = "libc++";
				CLANG_ENABLE_MODULES = YES;
				CLANG_ENABLE_OBJC_ARC = YES;
				CLANG_WARN_BLOCK_CAPTURE_AUTORELEASING = YES;
				CLANG_WARN_BOOL_CONVERSION = YES;
				CLANG_WARN_COMMA = YES;
				CLANG_WARN_CONSTANT_CONVERSION = YES;
				CLANG_WARN_DIRECT_OBJC_ISA_USAGE = YES_ERROR;
				CLANG_WARN_DOCUMENTATION_COMMENTS = YES;
				CLANG_WARN_EMPTY_BODY = YES;
				CLANG_WARN_ENUM_CONVERSION = YES;
				CLANG_WARN_INFINITE_RECURSION = YES;
				CLANG_WARN_INT_CONVERSION = YES;
				CLANG_WARN_NON_LITERAL_NULL_CONVERSION = YES;
				CLANG_WARN_OBJC_LITERAL_CONVERSION = YES;
				CLANG_WARN_OBJC_ROOT_CLASS = YES_ERROR;
				CLANG_WARN_RANGE_LOOP_ANALYSIS = YES;
				CLANG_WARN_STRICT_PROTOTYPES = YES;
				CLANG_WARN_SUSPICIOUS_MOVE = YES;
				CLANG_WARN_UNGUARDED_AVAILABILITY = YES_AGGRESSIVE;
				CLANG_WARN_UNREACHABLE_CODE = YES;
				CLANG_WARN__DUPLICATE_METHOD_MATCH = YES;
				CODE_SIGN_IDENTITY = "iPhone Developer";
				COPY_PHASE_STRIP = NO;
				DEBUG_INFORMATION_FORMAT = "dwarf-with-dsym";
				ENABLE_NS_ASSERTIONS = NO;
				ENABLE_STRICT_OBJC_MSGSEND = YES;
				GCC_C_LANGUAGE_STANDARD = gnu11;
				GCC_NO_COMMON_BLOCKS = YES;
				GCC_WARN_64_TO_32_BIT_CONVERSION = YES;
				GCC_WARN_ABOUT_RETURN_TYPE = YES_ERROR;
				GCC_WARN_UNDECLARED_SELECTOR = YES;
				GCC_WARN_UNINITIALIZED_AUTOS = YES_AGGRESSIVE;
				GCC_WARN_UNUSED_FUNCTION = YES;
				GCC_WARN_UNUSED_VARIABLE = YES;
				IPHONEOS_DEPLOYMENT_TARGET = 11.2;
				MTL_ENABLE_DEBUG_INFO = NO;
				SDKROOT = iphoneos;
				SWIFT_OPTIMIZATION_LEVEL = "-Owholemodule";
				VALIDATE_PRODUCT = YES;
			};
			name = Release;
		};
		B87648A8203E9BBD00B1FA40 /* Debug */ = {
			isa = XCBuildConfiguration;
			buildSettings = {
				ASSETCATALOG_COMPILER_APPICON_NAME = AppIcon;
				CODE_SIGN_STYLE = Automatic;
				DEVELOPMENT_TEAM = CASVKBQG32;
				INFOPLIST_FILE = AZTestLayout/Info.plist;
				LD_RUNPATH_SEARCH_PATHS = "$(inherited) @executable_path/Frameworks";
				PRODUCT_BUNDLE_IDENTIFIER = com.AfrozZaheer.AZTestLayout;
				PRODUCT_NAME = "$(TARGET_NAME)";
				SWIFT_VERSION = 4.0;
				TARGETED_DEVICE_FAMILY = "1,2";
			};
			name = Debug;
		};
		B87648A9203E9BBD00B1FA40 /* Release */ = {
			isa = XCBuildConfiguration;
			buildSettings = {
				ASSETCATALOG_COMPILER_APPICON_NAME = AppIcon;
				CODE_SIGN_STYLE = Automatic;
				DEVELOPMENT_TEAM = CASVKBQG32;
				INFOPLIST_FILE = AZTestLayout/Info.plist;
				LD_RUNPATH_SEARCH_PATHS = "$(inherited) @executable_path/Frameworks";
				PRODUCT_BUNDLE_IDENTIFIER = com.AfrozZaheer.AZTestLayout;
				PRODUCT_NAME = "$(TARGET_NAME)";
				SWIFT_VERSION = 4.0;
				TARGETED_DEVICE_FAMILY = "1,2";
			};
			name = Release;
		};
/* End XCBuildConfiguration section */

/* Begin XCConfigurationList section */
		B8764890203E9BBD00B1FA40 /* Build configuration list for PBXProject "AZTestLayout" */ = {
			isa = XCConfigurationList;
			buildConfigurations = (
				B87648A5203E9BBD00B1FA40 /* Debug */,
				B87648A6203E9BBD00B1FA40 /* Release */,
			);
			defaultConfigurationIsVisible = 0;
			defaultConfigurationName = Release;
		};
		B87648A7203E9BBD00B1FA40 /* Build configuration list for PBXNativeTarget "AZTestLayout" */ = {
			isa = XCConfigurationList;
			buildConfigurations = (
				B87648A8203E9BBD00B1FA40 /* Debug */,
				B87648A9203E9BBD00B1FA40 /* Release */,
			);
			defaultConfigurationIsVisible = 0;
			defaultConfigurationName = Release;
		};
/* End XCConfigurationList section */
	};
	rootObject = B876488D203E9BBD00B1FA40 /* Project object */;
}
